
Microsoft Visual Studio Solution File, Format Version 12.00
# Visual Studio Version 17
VisualStudioVersion = 17.9.34607.119
MinimumVisualStudioVersion = 10.0.40219.1
Project("{FAE04EC0-301F-11D3-BF4B-00C04F79EFBC}") = "APIDependencyInjectionLifetimes", "APIDependencyInjectionLifetimes.csproj", "{2DD540A5-9D7C-4FA6-AFF4-EC19E95EFB0C}"
EndProject
Global
	GlobalSection(SolutionConfigurationPlatforms) = preSolution
		Debug|Any CPU = Debug|Any CPU
		Release|Any CPU = Release|Any CPU
	EndGlobalSection
	GlobalSection(ProjectConfigurationPlatforms) = postSolution
		{2DD540A5-9D7C-4FA6-AFF4-EC19E95EFB0C}.Debug|Any CPU.ActiveCfg = Debug|Any CPU
		{2DD540A5-9D7C-4FA6-AFF4-EC19E95EFB0C}.Debug|Any CPU.Build.0 = Debug|Any CPU
		{2DD540A5-9D7C-4FA6-AFF4-EC19E95EFB0C}.Release|Any CPU.ActiveCfg = Release|Any CPU
		{2DD540A5-9D7C-4FA6-AFF4-EC19E95EFB0C}.Release|Any CPU.Build.0 = Release|Any CPU
	EndGlobalSection
	GlobalSection(SolutionProperties) = preSolution
		HideSolutionNode = FALSE
	EndGlobalSection
	GlobalSection(ExtensibilityGlobals) = postSolution
		SolutionGuid = {D5FA2971-608C-4360-B035-E987C191C4AA}
	EndGlobalSection
EndGlobal
